
Microsoft Visual Studio Solution File, Format Version 12.00
# Visual Studio Version 16
VisualStudioVersion = 16.0.29418.71
MinimumVisualStudioVersion = 10.0.40219.1
Project("{FAE04EC0-301F-11D3-BF4B-00C04F79EFBC}") = "musicMaker", "musicMaker\musicMaker.csproj", "{F089BF4E-F3D2-4DFF-84A1-562A99C9A306}"
EndProject
Global
	GlobalSection(SolutionConfigurationPlatforms) = preSolution
		Debug|Any CPU = Debug|Any CPU
		Release|Any CPU = Release|Any CPU
	EndGlobalSection
	GlobalSection(ProjectConfigurationPlatforms) = postSolution
		{F089BF4E-F3D2-4DFF-84A1-562A99C9A306}.Debug|Any CPU.ActiveCfg = Debug|Any CPU
		{F089BF4E-F3D2-4DFF-84A1-562A99C9A306}.Debug|Any CPU.Build.0 = Debug|Any CPU
		{F089BF4E-F3D2-4DFF-84A1-562A99C9A306}.Release|Any CPU.ActiveCfg = Release|Any CPU
		{F089BF4E-F3D2-4DFF-84A1-562A99C9A306}.Release|Any CPU.Build.0 = Release|Any CPU
	EndGlobalSection
	GlobalSection(SolutionProperties) = preSolution
		HideSolutionNode = FALSE
	EndGlobalSection
	GlobalSection(ExtensibilityGlobals) = postSolution
		SolutionGuid = {C3C7214A-E014-4B8B-BA66-BE567B7BF77A}
	EndGlobalSection
EndGlobal
